<Solution>
  <Folder Name="/apps/" />
  <Folder Name="/apps/Api/">
    <Project Path="apps/Api/ModularSaaS.Api.csproj" />
  </Folder>
  <Folder Name="/src/" />
  <Folder Name="/src/Application/">
    <Project Path="src/Application/ModularSaaS.Application.csproj" />
  </Folder>
  <Folder Name="/src/Common/">
    <Project Path="src/Common/ModularSaaS.Security/ModularSaaS.Security.csproj" />
    <Project Path="src/Common/ModularSaaS.Observability/ModularSaaS.Observability.csproj" />
  </Folder>
  <Folder Name="/src/Domain/">
    <Project Path="src/Domain/ModularSaaS.Domain.csproj" />
  </Folder>
  <Folder Name="/src/Infrastructure/">
    <Project Path="src/Infrastructure/ModularSaaS.Infrastructure.csproj" />
  </Folder>
  <Folder Name="/tests/" />
  <Folder Name="/tests/Architecture.Tests/">
    <Project Path="tests/Architecture.Tests/ModularSaaS.Architecture.Tests.csproj" />
  </Folder>
</Solution>
